{
  "name": "tic-80-experiments",
  "version": "1.0.0",
  "lockfileVersion": 1,
  "requires": true,
  "dependencies": {
    "antlr4ts": {
      "version": "0.4.1-alpha.0",
      "resolved": "https://registry.npmjs.org/antlr4ts/-/antlr4ts-0.4.1-alpha.0.tgz",
      "integrity": "sha1-rFcX8w8++jYXsATo/0+GC5x9TSA="
    },
    "luatots": {
      "version": "1.1.0",
      "resolved": "https://registry.npmjs.org/luatots/-/luatots-1.1.0.tgz",
      "integrity": "sha512-2dJo4l+arhxIU2dwAnfY5EaeQ9w7mBIlBgiIu15zJXdpoe6azW5iT60el2+JxjYHf5gGQDkMcOTYHR6JOZgLyw==",
      "requires": {
        "antlr4ts": "0.4.1-alpha.0",
        "mkdirp": "0.5.1"
      }
    },
    "minimist": {
      "version": "0.0.8",
      "resolved": "https://registry.npmjs.org/minimist/-/minimist-0.0.8.tgz",
      "integrity": "sha1-hX/Kv8M5fSYluCKCYuhqp6ARsF0="
    },
    "mkdirp": {
      "version": "0.5.1",
      "resolved": "https://registry.npmjs.org/mkdirp/-/mkdirp-0.5.1.tgz",
      "integrity": "sha1-MAV0OOrGz3+MR2fzhkjWaX11yQM=",
      "requires": {
        "minimist": "0.0.8"
      }
    }
  }
}
